
Microsoft Visual Studio Solution File, Format Version 12.00
# Visual Studio Version 17
VisualStudioVersion = 17.8.34322.80
MinimumVisualStudioVersion = 10.0.40219.1
Project("{FAE04EC0-301F-11D3-BF4B-00C04F79EFBC}") = "TP03", "TP03.csproj", "{F63C48E1-A5CC-450E-841A-6271C84DEEF5}"
EndProject
Global
	GlobalSection(SolutionConfigurationPlatforms) = preSolution
		Debug|Any CPU = Debug|Any CPU
		Release|Any CPU = Release|Any CPU
	EndGlobalSection
	GlobalSection(ProjectConfigurationPlatforms) = postSolution
		{F63C48E1-A5CC-450E-841A-6271C84DEEF5}.Debug|Any CPU.ActiveCfg = Debug|Any CPU
		{F63C48E1-A5CC-450E-841A-6271C84DEEF5}.Debug|Any CPU.Build.0 = Debug|Any CPU
		{F63C48E1-A5CC-450E-841A-6271C84DEEF5}.Release|Any CPU.ActiveCfg = Release|Any CPU
		{F63C48E1-A5CC-450E-841A-6271C84DEEF5}.Release|Any CPU.Build.0 = Release|Any CPU
	EndGlobalSection
	GlobalSection(SolutionProperties) = preSolution
		HideSolutionNode = FALSE
	EndGlobalSection
	GlobalSection(ExtensibilityGlobals) = postSolution
		SolutionGuid = {D565D3C0-0F43-45D8-BEFB-E6D20CEAE91A}
	EndGlobalSection
EndGlobal
